// !$*UTF8*$!
{
	archiveVersion = 1;
	classes = {
	};
	objectVersion = 52;
	objects = {

/* Begin PBXBuildFile section */
		0B95469E254AB4FA005E3F05 /* GoogleService-Info.plist in Resources */ = {isa = PBXBuildFile; fileRef = 0B95469D254AB4FA005E3F05 /* GoogleService-Info.plist */; };
		0B9546A3254AB856005E3F05 /* Task.swift in Sources */ = {isa = PBXBuildFile; fileRef = 0B9546A2254AB856005E3F05 /* Task.swift */; };
		0B9546A5254AB8B8005E3F05 /* RootView.swift in Sources */ = {isa = PBXBuildFile; fileRef = 0B9546A4254AB8B8005E3F05 /* RootView.swift */; };
		0B9546A7254AB93F005E3F05 /* Mock.swift in Sources */ = {isa = PBXBuildFile; fileRef = 0B9546A6254AB93F005E3F05 /* Mock.swift */; };
		0B9546A9254AC071005E3F05 /* TaskListView.swift in Sources */ = {isa = PBXBuildFile; fileRef = 0B9546A8254AC070005E3F05 /* TaskListView.swift */; };
		0B9546AB254AC1AC005E3F05 /* AuthenticationService.swift in Sources */ = {isa = PBXBuildFile; fileRef = 0B9546AA254AC1AC005E3F05 /* AuthenticationService.swift */; };
		0B9546AD254AC448005E3F05 /* SignInView.swift in Sources */ = {isa = PBXBuildFile; fileRef = 0B9546AC254AC448005E3F05 /* SignInView.swift */; };
		0B9546AF254AC9C8005E3F05 /* TaskListViewModel.swift in Sources */ = {isa = PBXBuildFile; fileRef = 0B9546AE254AC9C8005E3F05 /* TaskListViewModel.swift */; };
		0B9546B1254B0954005E3F05 /* TaskRepository.swift in Sources */ = {isa = PBXBuildFile; fileRef = 0B9546B0254B0953005E3F05 /* TaskRepository.swift */; };
		0B9546B5254B3CF0005E3F05 /* AddTaskView.swift in Sources */ = {isa = PBXBuildFile; fileRef = 0B9546B4254B3CEE005E3F05 /* AddTaskView.swift */; };
		0B9546B8254BEA70005E3F05 /* TaskView.swift in Sources */ = {isa = PBXBuildFile; fileRef = 0B9546B7254BEA6F005E3F05 /* TaskView.swift */; };
		0B9546BA254C0517005E3F05 /* TasksRepository.swift in Sources */ = {isa = PBXBuildFile; fileRef = 0B9546B9254C0515005E3F05 /* TasksRepository.swift */; };
		0B9546BC254C0880005E3F05 /* Firestore+Combine.swift in Sources */ = {isa = PBXBuildFile; fileRef = 0B9546BB254C0880005E3F05 /* Firestore+Combine.swift */; };
		0BDC2B1B254A971A00173051 /* todo_iOSApp.swift in Sources */ = {isa = PBXBuildFile; fileRef = 0BDC2B1A254A971A00173051 /* todo_iOSApp.swift */; };
		0BDC2B1F254A971E00173051 /* Assets.xcassets in Resources */ = {isa = PBXBuildFile; fileRef = 0BDC2B1E254A971E00173051 /* Assets.xcassets */; };
		0BDC2B22254A971E00173051 /* Preview Assets.xcassets in Resources */ = {isa = PBXBuildFile; fileRef = 0BDC2B21254A971E00173051 /* Preview Assets.xcassets */; };
		0BDC2B2D254A971E00173051 /* todo_iOSTests.swift in Sources */ = {isa = PBXBuildFile; fileRef = 0BDC2B2C254A971E00173051 /* todo_iOSTests.swift */; };
		0BDC2B38254A971E00173051 /* todo_iOSUITests.swift in Sources */ = {isa = PBXBuildFile; fileRef = 0BDC2B37254A971E00173051 /* todo_iOSUITests.swift */; };
		0BDC2B47254A9C5C00173051 /* FirebaseFirestoreSwift in Frameworks */ = {isa = PBXBuildFile; productRef = 0BDC2B46254A9C5C00173051 /* FirebaseFirestoreSwift */; };
		0BDC2B49254A9C5C00173051 /* FirebaseRemoteConfig in Frameworks */ = {isa = PBXBuildFile; productRef = 0BDC2B48254A9C5C00173051 /* FirebaseRemoteConfig */; };
		0BDC2B4B254A9C5C00173051 /* FirebaseAuth in Frameworks */ = {isa = PBXBuildFile; productRef = 0BDC2B4A254A9C5C00173051 /* FirebaseAuth */; };
		0BDC2B4D254A9C5C00173051 /* FirebaseDynamicLinks in Frameworks */ = {isa = PBXBuildFile; productRef = 0BDC2B4C254A9C5C00173051 /* FirebaseDynamicLinks */; };
		0BDC2B4F254A9C5C00173051 /* FirebaseFirestore in Frameworks */ = {isa = PBXBuildFile; productRef = 0BDC2B4E254A9C5C00173051 /* FirebaseFirestore */; };
/* End PBXBuildFile section */

/* Begin PBXContainerItemProxy section */
		0BDC2B29254A971E00173051 /* PBXContainerItemProxy */ = {
			isa = PBXContainerItemProxy;
			containerPortal = 0BDC2B0F254A971A00173051 /* Project object */;
			proxyType = 1;
			remoteGlobalIDString = 0BDC2B16254A971A00173051;
			remoteInfo = "todo-iOS";
		};
		0BDC2B34254A971E00173051 /* PBXContainerItemProxy */ = {
			isa = PBXContainerItemProxy;
			containerPortal = 0BDC2B0F254A971A00173051 /* Project object */;
			proxyType = 1;
			remoteGlobalIDString = 0BDC2B16254A971A00173051;
			remoteInfo = "todo-iOS";
		};
/* End PBXContainerItemProxy section */

/* Begin PBXFileReference section */
		0B95469D254AB4FA005E3F05 /* GoogleService-Info.plist */ = {isa = PBXFileReference; fileEncoding = 4; lastKnownFileType = text.plist.xml; path = "GoogleService-Info.plist"; sourceTree = "<group>"; };
		0B9546A2254AB856005E3F05 /* Task.swift */ = {isa = PBXFileReference; lastKnownFileType = sourcecode.swift; path = Task.swift; sourceTree = "<group>"; };
		0B9546A4254AB8B8005E3F05 /* RootView.swift */ = {isa = PBXFileReference; lastKnownFileType = sourcecode.swift; path = RootView.swift; sourceTree = "<group>"; };
		0B9546A6254AB93F005E3F05 /* Mock.swift */ = {isa = PBXFileReference; lastKnownFileType = sourcecode.swift; path = Mock.swift; sourceTree = "<group>"; };
		0B9546A8254AC070005E3F05 /* TaskListView.swift */ = {isa = PBXFileReference; lastKnownFileType = sourcecode.swift; path = TaskListView.swift; sourceTree = "<group>"; };
		0B9546AA254AC1AC005E3F05 /* AuthenticationService.swift */ = {isa = PBXFileReference; lastKnownFileType = sourcecode.swift; path = AuthenticationService.swift; sourceTree = "<group>"; };
		0B9546AC254AC448005E3F05 /* SignInView.swift */ = {isa = PBXFileReference; lastKnownFileType = sourcecode.swift; path = SignInView.swift; sourceTree = "<group>"; };
		0B9546AE254AC9C8005E3F05 /* TaskListViewModel.swift */ = {isa = PBXFileReference; lastKnownFileType = sourcecode.swift; path = TaskListViewModel.swift; sourceTree = "<group>"; };
		0B9546B0254B0953005E3F05 /* TaskRepository.swift */ = {isa = PBXFileReference; lastKnownFileType = sourcecode.swift; path = TaskRepository.swift; sourceTree = "<group>"; };
		0B9546B4254B3CEE005E3F05 /* AddTaskView.swift */ = {isa = PBXFileReference; lastKnownFileType = sourcecode.swift; path = AddTaskView.swift; sourceTree = "<group>"; };
		0B9546B7254BEA6F005E3F05 /* TaskView.swift */ = {isa = PBXFileReference; lastKnownFileType = sourcecode.swift; path = TaskView.swift; sourceTree = "<group>"; };
		0B9546B9254C0515005E3F05 /* TasksRepository.swift */ = {isa = PBXFileReference; lastKnownFileType = sourcecode.swift; path = TasksRepository.swift; sourceTree = "<group>"; };
		0B9546BB254C0880005E3F05 /* Firestore+Combine.swift */ = {isa = PBXFileReference; lastKnownFileType = sourcecode.swift; path = "Firestore+Combine.swift"; sourceTree = "<group>"; };
		0BDC2B17254A971A00173051 /* todo-iOS.app */ = {isa = PBXFileReference; explicitFileType = wrapper.application; includeInIndex = 0; path = "todo-iOS.app"; sourceTree = BUILT_PRODUCTS_DIR; };
		0BDC2B1A254A971A00173051 /* todo_iOSApp.swift */ = {isa = PBXFileReference; lastKnownFileType = sourcecode.swift; path = todo_iOSApp.swift; sourceTree = "<group>"; };
		0BDC2B1E254A971E00173051 /* Assets.xcassets */ = {isa = PBXFileReference; lastKnownFileType = folder.assetcatalog; path = Assets.xcassets; sourceTree = "<group>"; };
		0BDC2B21254A971E00173051 /* Preview Assets.xcassets */ = {isa = PBXFileReference; lastKnownFileType = folder.assetcatalog; path = "Preview Assets.xcassets"; sourceTree = "<group>"; };
		0BDC2B23254A971E00173051 /* Info.plist */ = {isa = PBXFileReference; lastKnownFileType = text.plist.xml; path = Info.plist; sourceTree = "<group>"; };
		0BDC2B28254A971E00173051 /* todo-iOSTests.xctest */ = {isa = PBXFileReference; explicitFileType = wrapper.cfbundle; includeInIndex = 0; path = "todo-iOSTests.xctest"; sourceTree = BUILT_PRODUCTS_DIR; };
		0BDC2B2C254A971E00173051 /* todo_iOSTests.swift */ = {isa = PBXFileReference; lastKnownFileType = sourcecode.swift; path = todo_iOSTests.swift; sourceTree = "<group>"; };
		0BDC2B2E254A971E00173051 /* Info.plist */ = {isa = PBXFileReference; lastKnownFileType = text.plist.xml; path = Info.plist; sourceTree = "<group>"; };
		0BDC2B33254A971E00173051 /* todo-iOSUITests.xctest */ = {isa = PBXFileReference; explicitFileType = wrapper.cfbundle; includeInIndex = 0; path = "todo-iOSUITests.xctest"; sourceTree = BUILT_PRODUCTS_DIR; };
		0BDC2B37254A971E00173051 /* todo_iOSUITests.swift */ = {isa = PBXFileReference; lastKnownFileType = sourcecode.swift; path = todo_iOSUITests.swift; sourceTree = "<group>"; };
		0BDC2B39254A971E00173051 /* Info.plist */ = {isa = PBXFileReference; lastKnownFileType = text.plist.xml; path = Info.plist; sourceTree = "<group>"; };
/* End PBXFileReference section */

/* Begin PBXFrameworksBuildPhase section */
		0BDC2B14254A971A00173051 /* Frameworks */ = {
			isa = PBXFrameworksBuildPhase;
			buildActionMask = 2147483647;
			files = (
				0BDC2B47254A9C5C00173051 /* FirebaseFirestoreSwift in Frameworks */,
				0BDC2B4B254A9C5C00173051 /* FirebaseAuth in Frameworks */,
				0BDC2B49254A9C5C00173051 /* FirebaseRemoteConfig in Frameworks */,
				0BDC2B4F254A9C5C00173051 /* FirebaseFirestore in Frameworks */,
				0BDC2B4D254A9C5C00173051 /* FirebaseDynamicLinks in Frameworks */,
			);
			runOnlyForDeploymentPostprocessing = 0;
		};
		0BDC2B25254A971E00173051 /* Frameworks */ = {
			isa = PBXFrameworksBuildPhase;
			buildActionMask = 2147483647;
			files = (
			);
			runOnlyForDeploymentPostprocessing = 0;
		};
		0BDC2B30254A971E00173051 /* Frameworks */ = {
			isa = PBXFrameworksBuildPhase;
			buildActionMask = 2147483647;
			files = (
			);
			runOnlyForDeploymentPostprocessing = 0;
		};
/* End PBXFrameworksBuildPhase section */

/* Begin PBXGroup section */
		0B9546A1254AB84C005E3F05 /* Models */ = {
			isa = PBXGroup;
			children = (
				0B9546A2254AB856005E3F05 /* Task.swift */,
			);
			path = Models;
			sourceTree = "<group>";
		};
		0B9546B6254BDCD1005E3F05 /* Views */ = {
			isa = PBXGroup;
			children = (
				0B9546AC254AC448005E3F05 /* SignInView.swift */,
				0B9546B4254B3CEE005E3F05 /* AddTaskView.swift */,
				0B9546A4254AB8B8005E3F05 /* RootView.swift */,
				0B9546A8254AC070005E3F05 /* TaskListView.swift */,
				0B9546B7254BEA6F005E3F05 /* TaskView.swift */,
			);
			path = Views;
			sourceTree = "<group>";
		};
		0B9546BD254C240D005E3F05 /* New Group */ = {
			isa = PBXGroup;
			children = (
			);
			path = "New Group";
			sourceTree = "<group>";
		};
		0BB48705254C7C0E00810D5D /* Extensions */ = {
			isa = PBXGroup;
			children = (
				0B9546BB254C0880005E3F05 /* Firestore+Combine.swift */,
			);
			path = Extensions;
			sourceTree = "<group>";
		};
		0BDC2B0E254A971A00173051 = {
			isa = PBXGroup;
			children = (
				0BDC2B19254A971A00173051 /* todo-iOS */,
				0BDC2B2B254A971E00173051 /* todo-iOSTests */,
				0BDC2B36254A971E00173051 /* todo-iOSUITests */,
				0BDC2B18254A971A00173051 /* Products */,
			);
			sourceTree = "<group>";
		};
		0BDC2B18254A971A00173051 /* Products */ = {
			isa = PBXGroup;
			children = (
				0BDC2B17254A971A00173051 /* todo-iOS.app */,
				0BDC2B28254A971E00173051 /* todo-iOSTests.xctest */,
				0BDC2B33254A971E00173051 /* todo-iOSUITests.xctest */,
			);
			name = Products;
			sourceTree = "<group>";
		};
		0BDC2B19254A971A00173051 /* todo-iOS */ = {
			isa = PBXGroup;
			children = (
				0BB48705254C7C0E00810D5D /* Extensions */,
				0B9546BD254C240D005E3F05 /* New Group */,
				0B9546B6254BDCD1005E3F05 /* Views */,
				0B9546A1254AB84C005E3F05 /* Models */,
				0BDC2B1A254A971A00173051 /* todo_iOSApp.swift */,
				0B9546B9254C0515005E3F05 /* TasksRepository.swift */,
				0B9546AE254AC9C8005E3F05 /* TaskListViewModel.swift */,
				0B9546AA254AC1AC005E3F05 /* AuthenticationService.swift */,
				0B9546A6254AB93F005E3F05 /* Mock.swift */,
				0B9546B0254B0953005E3F05 /* TaskRepository.swift */,
				0BDC2B1E254A971E00173051 /* Assets.xcassets */,
				0B95469D254AB4FA005E3F05 /* GoogleService-Info.plist */,
				0BDC2B23254A971E00173051 /* Info.plist */,
				0BDC2B20254A971E00173051 /* Preview Content */,
			);
			path = "todo-iOS";
			sourceTree = "<group>";
		};
		0BDC2B20254A971E00173051 /* Preview Content */ = {
			isa = PBXGroup;
			children = (
				0BDC2B21254A971E00173051 /* Preview Assets.xcassets */,
			);
			path = "Preview Content";
			sourceTree = "<group>";
		};
		0BDC2B2B254A971E00173051 /* todo-iOSTests */ = {
			isa = PBXGroup;
			children = (
				0BDC2B2C254A971E00173051 /* todo_iOSTests.swift */,
				0BDC2B2E254A971E00173051 /* Info.plist */,
			);
			path = "todo-iOSTests";
			sourceTree = "<group>";
		};
		0BDC2B36254A971E00173051 /* todo-iOSUITests */ = {
			isa = PBXGroup;
			children = (
				0BDC2B37254A971E00173051 /* todo_iOSUITests.swift */,
				0BDC2B39254A971E00173051 /* Info.plist */,
			);
			path = "todo-iOSUITests";
			sourceTree = "<group>";
		};
/* End PBXGroup section */

/* Begin PBXNativeTarget section */
		0BDC2B16254A971A00173051 /* todo-iOS */ = {
			isa = PBXNativeTarget;
			buildConfigurationList = 0BDC2B3C254A971E00173051 /* Build configuration list for PBXNativeTarget "todo-iOS" */;
			buildPhases = (
				0BDC2B13254A971A00173051 /* Sources */,
				0BDC2B14254A971A00173051 /* Frameworks */,
				0BDC2B15254A971A00173051 /* Resources */,
				0BDC2B52254AA17200173051 /* ShellScript */,
			);
			buildRules = (
			);
			dependencies = (
			);
			name = "todo-iOS";
			packageProductDependencies = (
				0BDC2B46254A9C5C00173051 /* FirebaseFirestoreSwift */,
				0BDC2B48254A9C5C00173051 /* FirebaseRemoteConfig */,
				0BDC2B4A254A9C5C00173051 /* FirebaseAuth */,
				0BDC2B4C254A9C5C00173051 /* FirebaseDynamicLinks */,
				0BDC2B4E254A9C5C00173051 /* FirebaseFirestore */,
			);
			productName = "todo-iOS";
			productReference = 0BDC2B17254A971A00173051 /* todo-iOS.app */;
			productType = "com.apple.product-type.application";
		};
		0BDC2B27254A971E00173051 /* todo-iOSTests */ = {
			isa = PBXNativeTarget;
			buildConfigurationList = 0BDC2B3F254A971E00173051 /* Build configuration list for PBXNativeTarget "todo-iOSTests" */;
			buildPhases = (
				0BDC2B24254A971E00173051 /* Sources */,
				0BDC2B25254A971E00173051 /* Frameworks */,
				0BDC2B26254A971E00173051 /* Resources */,
			);
			buildRules = (
			);
			dependencies = (
				0BDC2B2A254A971E00173051 /* PBXTargetDependency */,
			);
			name = "todo-iOSTests";
			productName = "todo-iOSTests";
			productReference = 0BDC2B28254A971E00173051 /* todo-iOSTests.xctest */;
			productType = "com.apple.product-type.bundle.unit-test";
		};
		0BDC2B32254A971E00173051 /* todo-iOSUITests */ = {
			isa = PBXNativeTarget;
			buildConfigurationList = 0BDC2B42254A971E00173051 /* Build configuration list for PBXNativeTarget "todo-iOSUITests" */;
			buildPhases = (
				0BDC2B2F254A971E00173051 /* Sources */,
				0BDC2B30254A971E00173051 /* Frameworks */,
				0BDC2B31254A971E00173051 /* Resources */,
			);
			buildRules = (
			);
			dependencies = (
				0BDC2B35254A971E00173051 /* PBXTargetDependency */,
			);
			name = "todo-iOSUITests";
			productName = "todo-iOSUITests";
			productReference = 0BDC2B33254A971E00173051 /* todo-iOSUITests.xctest */;
			productType = "com.apple.product-type.bundle.ui-testing";
		};
/* End PBXNativeTarget section */

/* Begin PBXProject section */
		0BDC2B0F254A971A00173051 /* Project object */ = {
			isa = PBXProject;
			attributes = {
				LastSwiftUpdateCheck = 1200;
				LastUpgradeCheck = 1200;
				TargetAttributes = {
					0BDC2B16254A971A00173051 = {
						CreatedOnToolsVersion = 12.0;
					};
					0BDC2B27254A971E00173051 = {
						CreatedOnToolsVersion = 12.0;
						TestTargetID = 0BDC2B16254A971A00173051;
					};
					0BDC2B32254A971E00173051 = {
						CreatedOnToolsVersion = 12.0;
						TestTargetID = 0BDC2B16254A971A00173051;
					};
				};
			};
			buildConfigurationList = 0BDC2B12254A971A00173051 /* Build configuration list for PBXProject "todo-iOS" */;
			compatibilityVersion = "Xcode 9.3";
			developmentRegion = en;
			hasScannedForEncodings = 0;
			knownRegions = (
				en,
				Base,
			);
			mainGroup = 0BDC2B0E254A971A00173051;
			packageReferences = (
				0BDC2B45254A9C5C00173051 /* XCRemoteSwiftPackageReference "firebase-ios-sdk" */,
			);
			productRefGroup = 0BDC2B18254A971A00173051 /* Products */;
			projectDirPath = "";
			projectRoot = "";
			targets = (
				0BDC2B16254A971A00173051 /* todo-iOS */,
				0BDC2B27254A971E00173051 /* todo-iOSTests */,
				0BDC2B32254A971E00173051 /* todo-iOSUITests */,
			);
		};
/* End PBXProject section */

/* Begin PBXResourcesBuildPhase section */
		0BDC2B15254A971A00173051 /* Resources */ = {
			isa = PBXResourcesBuildPhase;
			buildActionMask = 2147483647;
			files = (
				0BDC2B22254A971E00173051 /* Preview Assets.xcassets in Resources */,
				0BDC2B1F254A971E00173051 /* Assets.xcassets in Resources */,
				0B95469E254AB4FA005E3F05 /* GoogleService-Info.plist in Resources */,
			);
			runOnlyForDeploymentPostprocessing = 0;
		};
		0BDC2B26254A971E00173051 /* Resources */ = {
			isa = PBXResourcesBuildPhase;
			buildActionMask = 2147483647;
			files = (
			);
			runOnlyForDeploymentPostprocessing = 0;
		};
		0BDC2B31254A971E00173051 /* Resources */ = {
			isa = PBXResourcesBuildPhase;
			buildActionMask = 2147483647;
			files = (
			);
			runOnlyForDeploymentPostprocessing = 0;
		};
/* End PBXResourcesBuildPhase section */

/* Begin PBXShellScriptBuildPhase section */
		0BDC2B52254AA17200173051 /* ShellScript */ = {
			isa = PBXShellScriptBuildPhase;
			buildActionMask = 2147483647;
			files = (
			);
			inputFileListPaths = (
			);
			inputPaths = (
			);
			outputFileListPaths = (
			);
			outputPaths = (
			);
			runOnlyForDeploymentPostprocessing = 0;
			shellPath = /bin/sh;
			shellScript = "if which mint >/dev/null; then\n  mint run swiftlint swiftlint autocorrect --format\n  mint run swiftlint swiftlint\nelse\n  echo \"warning: Mint not installed, download from https://github.com/yonaskolb/Mint\"\nfi\n";
		};
/* End PBXShellScriptBuildPhase section */

/* Begin PBXSourcesBuildPhase section */
		0BDC2B13254A971A00173051 /* Sources */ = {
			isa = PBXSourcesBuildPhase;
			buildActionMask = 2147483647;
			files = (
				0B9546B5254B3CF0005E3F05 /* AddTaskView.swift in Sources */,
				0B9546A5254AB8B8005E3F05 /* RootView.swift in Sources */,
				0B9546AD254AC448005E3F05 /* SignInView.swift in Sources */,
				0B9546A7254AB93F005E3F05 /* Mock.swift in Sources */,
				0B9546A3254AB856005E3F05 /* Task.swift in Sources */,
				0B9546AB254AC1AC005E3F05 /* AuthenticationService.swift in Sources */,
				0B9546BC254C0880005E3F05 /* Firestore+Combine.swift in Sources */,
				0B9546BA254C0517005E3F05 /* TasksRepository.swift in Sources */,
				0B9546AF254AC9C8005E3F05 /* TaskListViewModel.swift in Sources */,
				0B9546B1254B0954005E3F05 /* TaskRepository.swift in Sources */,
				0BDC2B1B254A971A00173051 /* todo_iOSApp.swift in Sources */,
				0B9546B8254BEA70005E3F05 /* TaskView.swift in Sources */,
				0B9546A9254AC071005E3F05 /* TaskListView.swift in Sources */,
			);
			runOnlyForDeploymentPostprocessing = 0;
		};
		0BDC2B24254A971E00173051 /* Sources */ = {
			isa = PBXSourcesBuildPhase;
			buildActionMask = 2147483647;
			files = (
				0BDC2B2D254A971E00173051 /* todo_iOSTests.swift in Sources */,
			);
			runOnlyForDeploymentPostprocessing = 0;
		};
		0BDC2B2F254A971E00173051 /* Sources */ = {
			isa = PBXSourcesBuildPhase;
			buildActionMask = 2147483647;
			files = (
				0BDC2B38254A971E00173051 /* todo_iOSUITests.swift in Sources */,
			);
			runOnlyForDeploymentPostprocessing = 0;
		};
/* End PBXSourcesBuildPhase section */

/* Begin PBXTargetDependency section */
		0BDC2B2A254A971E00173051 /* PBXTargetDependency */ = {
			isa = PBXTargetDependency;
			target = 0BDC2B16254A971A00173051 /* todo-iOS */;
			targetProxy = 0BDC2B29254A971E00173051 /* PBXContainerItemProxy */;
		};
		0BDC2B35254A971E00173051 /* PBXTargetDependency */ = {
			isa = PBXTargetDependency;
			target = 0BDC2B16254A971A00173051 /* todo-iOS */;
			targetProxy = 0BDC2B34254A971E00173051 /* PBXContainerItemProxy */;
		};
/* End PBXTargetDependency section */

/* Begin XCBuildConfiguration section */
		0BDC2B3A254A971E00173051 /* Debug */ = {
			isa = XCBuildConfiguration;
			buildSettings = {
				ALWAYS_SEARCH_USER_PATHS = NO;
				CLANG_ANALYZER_NONNULL = YES;
				CLANG_ANALYZER_NUMBER_OBJECT_CONVERSION = YES_AGGRESSIVE;
				CLANG_CXX_LANGUAGE_STANDARD = "gnu++14";
				CLANG_CXX_LIBRARY = "libc++";
				CLANG_ENABLE_MODULES = YES;
				CLANG_ENABLE_OBJC_ARC = YES;
				CLANG_ENABLE_OBJC_WEAK = YES;
				CLANG_WARN_BLOCK_CAPTURE_AUTORELEASING = YES;
				CLANG_WARN_BOOL_CONVERSION = YES;
				CLANG_WARN_COMMA = YES;
				CLANG_WARN_CONSTANT_CONVERSION = YES;
				CLANG_WARN_DEPRECATED_OBJC_IMPLEMENTATIONS = YES;
				CLANG_WARN_DIRECT_OBJC_ISA_USAGE = YES_ERROR;
				CLANG_WARN_DOCUMENTATION_COMMENTS = YES;
				CLANG_WARN_EMPTY_BODY = YES;
				CLANG_WARN_ENUM_CONVERSION = YES;
				CLANG_WARN_INFINITE_RECURSION = YES;
				CLANG_WARN_INT_CONVERSION = YES;
				CLANG_WARN_NON_LITERAL_NULL_CONVERSION = YES;
				CLANG_WARN_OBJC_IMPLICIT_RETAIN_SELF = YES;
				CLANG_WARN_OBJC_LITERAL_CONVERSION = YES;
				CLANG_WARN_OBJC_ROOT_CLASS = YES_ERROR;
				CLANG_WARN_QUOTED_INCLUDE_IN_FRAMEWORK_HEADER = YES;
				CLANG_WARN_RANGE_LOOP_ANALYSIS = YES;
				CLANG_WARN_STRICT_PROTOTYPES = YES;
				CLANG_WARN_SUSPICIOUS_MOVE = YES;
				CLANG_WARN_UNGUARDED_AVAILABILITY = YES_AGGRESSIVE;
				CLANG_WARN_UNREACHABLE_CODE = YES;
				CLANG_WARN__DUPLICATE_METHOD_MATCH = YES;
				COPY_PHASE_STRIP = NO;
				DEBUG_INFORMATION_FORMAT = dwarf;
				ENABLE_STRICT_OBJC_MSGSEND = YES;
				ENABLE_TESTABILITY = YES;
				GCC_C_LANGUAGE_STANDARD = gnu11;
				GCC_DYNAMIC_NO_PIC = NO;
				GCC_NO_COMMON_BLOCKS = YES;
				GCC_OPTIMIZATION_LEVEL = 0;
				GCC_PREPROCESSOR_DEFINITIONS = (
					"DEBUG=1",
					"$(inherited)",
				);
				GCC_WARN_64_TO_32_BIT_CONVERSION = YES;
				GCC_WARN_ABOUT_RETURN_TYPE = YES_ERROR;
				GCC_WARN_UNDECLARED_SELECTOR = YES;
				GCC_WARN_UNINITIALIZED_AUTOS = YES_AGGRESSIVE;
				GCC_WARN_UNUSED_FUNCTION = YES;
				GCC_WARN_UNUSED_VARIABLE = YES;
				IPHONEOS_DEPLOYMENT_TARGET = 14.0;
				MTL_ENABLE_DEBUG_INFO = INCLUDE_SOURCE;
				MTL_FAST_MATH = YES;
				ONLY_ACTIVE_ARCH = YES;
				SDKROOT = iphoneos;
				SWIFT_ACTIVE_COMPILATION_CONDITIONS = DEBUG;
				SWIFT_OPTIMIZATION_LEVEL = "-Onone";
			};
			name = Debug;
		};
		0BDC2B3B254A971E00173051 /* Release */ = {
			isa = XCBuildConfiguration;
			buildSettings = {
				ALWAYS_SEARCH_USER_PATHS = NO;
				CLANG_ANALYZER_NONNULL = YES;
				CLANG_ANALYZER_NUMBER_OBJECT_CONVERSION = YES_AGGRESSIVE;
				CLANG_CXX_LANGUAGE_STANDARD = "gnu++14";
				CLANG_CXX_LIBRARY = "libc++";
				CLANG_ENABLE_MODULES = YES;
				CLANG_ENABLE_OBJC_ARC = YES;
				CLANG_ENABLE_OBJC_WEAK = YES;
				CLANG_WARN_BLOCK_CAPTURE_AUTORELEASING = YES;
				CLANG_WARN_BOOL_CONVERSION = YES;
				CLANG_WARN_COMMA = YES;
				CLANG_WARN_CONSTANT_CONVERSION = YES;
				CLANG_WARN_DEPRECATED_OBJC_IMPLEMENTATIONS = YES;
				CLANG_WARN_DIRECT_OBJC_ISA_USAGE = YES_ERROR;
				CLANG_WARN_DOCUMENTATION_COMMENTS = YES;
				CLANG_WARN_EMPTY_BODY = YES;
				CLANG_WARN_ENUM_CONVERSION = YES;
				CLANG_WARN_INFINITE_RECURSION = YES;
				CLANG_WARN_INT_CONVERSION = YES;
				CLANG_WARN_NON_LITERAL_NULL_CONVERSION = YES;
				CLANG_WARN_OBJC_IMPLICIT_RETAIN_SELF = YES;
				CLANG_WARN_OBJC_LITERAL_CONVERSION = YES;
				CLANG_WARN_OBJC_ROOT_CLASS = YES_ERROR;
				CLANG_WARN_QUOTED_INCLUDE_IN_FRAMEWORK_HEADER = YES;
				CLANG_WARN_RANGE_LOOP_ANALYSIS = YES;
				CLANG_WARN_STRICT_PROTOTYPES = YES;
				CLANG_WARN_SUSPICIOUS_MOVE = YES;
				CLANG_WARN_UNGUARDED_AVAILABILITY = YES_AGGRESSIVE;
				CLANG_WARN_UNREACHABLE_CODE = YES;
				CLANG_WARN__DUPLICATE_METHOD_MATCH = YES;
				COPY_PHASE_STRIP = NO;
				DEBUG_INFORMATION_FORMAT = "dwarf-with-dsym";
				ENABLE_NS_ASSERTIONS = NO;
				ENABLE_STRICT_OBJC_MSGSEND = YES;
				GCC_C_LANGUAGE_STANDARD = gnu11;
				GCC_NO_COMMON_BLOCKS = YES;
				GCC_WARN_64_TO_32_BIT_CONVERSION = YES;
				GCC_WARN_ABOUT_RETURN_TYPE = YES_ERROR;
				GCC_WARN_UNDECLARED_SELECTOR = YES;
				GCC_WARN_UNINITIALIZED_AUTOS = YES_AGGRESSIVE;
				GCC_WARN_UNUSED_FUNCTION = YES;
				GCC_WARN_UNUSED_VARIABLE = YES;
				IPHONEOS_DEPLOYMENT_TARGET = 14.0;
				MTL_ENABLE_DEBUG_INFO = NO;
				MTL_FAST_MATH = YES;
				SDKROOT = iphoneos;
				SWIFT_COMPILATION_MODE = wholemodule;
				SWIFT_OPTIMIZATION_LEVEL = "-O";
				VALIDATE_PRODUCT = YES;
			};
			name = Release;
		};
		0BDC2B3D254A971E00173051 /* Debug */ = {
			isa = XCBuildConfiguration;
			buildSettings = {
				ASSETCATALOG_COMPILER_APPICON_NAME = AppIcon;
				ASSETCATALOG_COMPILER_GLOBAL_ACCENT_COLOR_NAME = AccentColor;
				CODE_SIGN_STYLE = Automatic;
				DEVELOPMENT_ASSET_PATHS = "\"todo-iOS/Preview Content\"";
				DEVELOPMENT_TEAM = 23KL6LPTW3;
				ENABLE_PREVIEWS = YES;
				INFOPLIST_FILE = "todo-iOS/Info.plist";
				IPHONEOS_DEPLOYMENT_TARGET = 14.0;
				LD_RUNPATH_SEARCH_PATHS = (
					"$(inherited)",
					"@executable_path/Frameworks",
				);
				PRODUCT_BUNDLE_IDENTIFIER = "com.tdk0105.shinya.todo-iOS";
				PRODUCT_NAME = "$(TARGET_NAME)";
				SWIFT_VERSION = 5.0;
				TARGETED_DEVICE_FAMILY = "1,2";
			};
			name = Debug;
		};
		0BDC2B3E254A971E00173051 /* Release */ = {
			isa = XCBuildConfiguration;
			buildSettings = {
				ASSETCATALOG_COMPILER_APPICON_NAME = AppIcon;
				ASSETCATALOG_COMPILER_GLOBAL_ACCENT_COLOR_NAME = AccentColor;
				CODE_SIGN_STYLE = Automatic;
				DEVELOPMENT_ASSET_PATHS = "\"todo-iOS/Preview Content\"";
				DEVELOPMENT_TEAM = 23KL6LPTW3;
				ENABLE_PREVIEWS = YES;
				INFOPLIST_FILE = "todo-iOS/Info.plist";
				IPHONEOS_DEPLOYMENT_TARGET = 14.0;
				LD_RUNPATH_SEARCH_PATHS = (
					"$(inherited)",
					"@executable_path/Frameworks",
				);
				PRODUCT_BUNDLE_IDENTIFIER = "com.tdk0105.shinya.todo-iOS";
				PRODUCT_NAME = "$(TARGET_NAME)";
				SWIFT_VERSION = 5.0;
				TARGETED_DEVICE_FAMILY = "1,2";
			};
			name = Release;
		};
		0BDC2B40254A971E00173051 /* Debug */ = {
			isa = XCBuildConfiguration;
			buildSettings = {
				ALWAYS_EMBED_SWIFT_STANDARD_LIBRARIES = YES;
				BUNDLE_LOADER = "$(TEST_HOST)";
				CODE_SIGN_STYLE = Automatic;
				DEVELOPMENT_TEAM = 23KL6LPTW3;
				INFOPLIST_FILE = "todo-iOSTests/Info.plist";
				IPHONEOS_DEPLOYMENT_TARGET = 14.0;
				LD_RUNPATH_SEARCH_PATHS = (
					"$(inherited)",
					"@executable_path/Frameworks",
					"@loader_path/Frameworks",
				);
				PRODUCT_BUNDLE_IDENTIFIER = "com.tdk0105.shinya.todo-iOSTests";
				PRODUCT_NAME = "$(TARGET_NAME)";
				SWIFT_VERSION = 5.0;
				TARGETED_DEVICE_FAMILY = "1,2";
				TEST_HOST = "$(BUILT_PRODUCTS_DIR)/todo-iOS.app/todo-iOS";
			};
			name = Debug;
		};
		0BDC2B41254A971E00173051 /* Release */ = {
			isa = XCBuildConfiguration;
			buildSettings = {
				ALWAYS_EMBED_SWIFT_STANDARD_LIBRARIES = YES;
				BUNDLE_LOADER = "$(TEST_HOST)";
				CODE_SIGN_STYLE = Automatic;
				DEVELOPMENT_TEAM = 23KL6LPTW3;
				INFOPLIST_FILE = "todo-iOSTests/Info.plist";
				IPHONEOS_DEPLOYMENT_TARGET = 14.0;
				LD_RUNPATH_SEARCH_PATHS = (
					"$(inherited)",
					"@executable_path/Frameworks",
					"@loader_path/Frameworks",
				);
				PRODUCT_BUNDLE_IDENTIFIER = "com.tdk0105.shinya.todo-iOSTests";
				PRODUCT_NAME = "$(TARGET_NAME)";
				SWIFT_VERSION = 5.0;
				TARGETED_DEVICE_FAMILY = "1,2";
				TEST_HOST = "$(BUILT_PRODUCTS_DIR)/todo-iOS.app/todo-iOS";
			};
			name = Release;
		};
		0BDC2B43254A971E00173051 /* Debug */ = {
			isa = XCBuildConfiguration;
			buildSettings = {
				ALWAYS_EMBED_SWIFT_STANDARD_LIBRARIES = YES;
				CODE_SIGN_STYLE = Automatic;
				DEVELOPMENT_TEAM = 23KL6LPTW3;
				INFOPLIST_FILE = "todo-iOSUITests/Info.plist";
				LD_RUNPATH_SEARCH_PATHS = (
					"$(inherited)",
					"@executable_path/Frameworks",
					"@loader_path/Frameworks",
				);
				PRODUCT_BUNDLE_IDENTIFIER = "com.tdk0105.shinya.todo-iOSUITests";
				PRODUCT_NAME = "$(TARGET_NAME)";
				SWIFT_VERSION = 5.0;
				TARGETED_DEVICE_FAMILY = "1,2";
				TEST_TARGET_NAME = "todo-iOS";
			};
			name = Debug;
		};
		0BDC2B44254A971E00173051 /* Release */ = {
			isa = XCBuildConfiguration;
			buildSettings = {
				ALWAYS_EMBED_SWIFT_STANDARD_LIBRARIES = YES;
				CODE_SIGN_STYLE = Automatic;
				DEVELOPMENT_TEAM = 23KL6LPTW3;
				INFOPLIST_FILE = "todo-iOSUITests/Info.plist";
				LD_RUNPATH_SEARCH_PATHS = (
					"$(inherited)",
					"@executable_path/Frameworks",
					"@loader_path/Frameworks",
				);
				PRODUCT_BUNDLE_IDENTIFIER = "com.tdk0105.shinya.todo-iOSUITests";
				PRODUCT_NAME = "$(TARGET_NAME)";
				SWIFT_VERSION = 5.0;
				TARGETED_DEVICE_FAMILY = "1,2";
				TEST_TARGET_NAME = "todo-iOS";
			};
			name = Release;
		};
/* End XCBuildConfiguration section */

/* Begin XCConfigurationList section */
		0BDC2B12254A971A00173051 /* Build configuration list for PBXProject "todo-iOS" */ = {
			isa = XCConfigurationList;
			buildConfigurations = (
				0BDC2B3A254A971E00173051 /* Debug */,
				0BDC2B3B254A971E00173051 /* Release */,
			);
			defaultConfigurationIsVisible = 0;
			defaultConfigurationName = Release;
		};
		0BDC2B3C254A971E00173051 /* Build configuration list for PBXNativeTarget "todo-iOS" */ = {
			isa = XCConfigurationList;
			buildConfigurations = (
				0BDC2B3D254A971E00173051 /* Debug */,
				0BDC2B3E254A971E00173051 /* Release */,
			);
			defaultConfigurationIsVisible = 0;
			defaultConfigurationName = Release;
		};
		0BDC2B3F254A971E00173051 /* Build configuration list for PBXNativeTarget "todo-iOSTests" */ = {
			isa = XCConfigurationList;
			buildConfigurations = (
				0BDC2B40254A971E00173051 /* Debug */,
				0BDC2B41254A971E00173051 /* Release */,
			);
			defaultConfigurationIsVisible = 0;
			defaultConfigurationName = Release;
		};
		0BDC2B42254A971E00173051 /* Build configuration list for PBXNativeTarget "todo-iOSUITests" */ = {
			isa = XCConfigurationList;
			buildConfigurations = (
				0BDC2B43254A971E00173051 /* Debug */,
				0BDC2B44254A971E00173051 /* Release */,
			);
			defaultConfigurationIsVisible = 0;
			defaultConfigurationName = Release;
		};
/* End XCConfigurationList section */

/* Begin XCRemoteSwiftPackageReference section */
		0BDC2B45254A9C5C00173051 /* XCRemoteSwiftPackageReference "firebase-ios-sdk" */ = {
			isa = XCRemoteSwiftPackageReference;
			repositoryURL = "https://github.com/firebase/firebase-ios-sdk.git";
			requirement = {
				branch = "6.32-spm-beta";
				kind = branch;
			};
		};
/* End XCRemoteSwiftPackageReference section */

/* Begin XCSwiftPackageProductDependency section */
		0BDC2B46254A9C5C00173051 /* FirebaseFirestoreSwift */ = {
			isa = XCSwiftPackageProductDependency;
			package = 0BDC2B45254A9C5C00173051 /* XCRemoteSwiftPackageReference "firebase-ios-sdk" */;
			productName = FirebaseFirestoreSwift;
		};
		0BDC2B48254A9C5C00173051 /* FirebaseRemoteConfig */ = {
			isa = XCSwiftPackageProductDependency;
			package = 0BDC2B45254A9C5C00173051 /* XCRemoteSwiftPackageReference "firebase-ios-sdk" */;
			productName = FirebaseRemoteConfig;
		};
		0BDC2B4A254A9C5C00173051 /* FirebaseAuth */ = {
			isa = XCSwiftPackageProductDependency;
			package = 0BDC2B45254A9C5C00173051 /* XCRemoteSwiftPackageReference "firebase-ios-sdk" */;
			productName = FirebaseAuth;
		};
		0BDC2B4C254A9C5C00173051 /* FirebaseDynamicLinks */ = {
			isa = XCSwiftPackageProductDependency;
			package = 0BDC2B45254A9C5C00173051 /* XCRemoteSwiftPackageReference "firebase-ios-sdk" */;
			productName = FirebaseDynamicLinks;
		};
		0BDC2B4E254A9C5C00173051 /* FirebaseFirestore */ = {
			isa = XCSwiftPackageProductDependency;
			package = 0BDC2B45254A9C5C00173051 /* XCRemoteSwiftPackageReference "firebase-ios-sdk" */;
			productName = FirebaseFirestore;
		};
/* End XCSwiftPackageProductDependency section */
	};
	rootObject = 0BDC2B0F254A971A00173051 /* Project object */;
}
